
Microsoft Visual Studio Solution File, Format Version 12.00
# Visual Studio 14
VisualStudioVersion = 14.0.25420.1
MinimumVisualStudioVersion = 10.0.40219.1
Project("{FAE04EC0-301F-11D3-BF4B-00C04F79EFBC}") = "Intranet.Domain", "Intranet.Domain\Intranet.Domain.csproj", "{001A89F7-A824-43D5-8025-F4F985151F3C}"
EndProject
Project("{FAE04EC0-301F-11D3-BF4B-00C04F79EFBC}") = "Intranet.UI.Web", "Intranet.UI.Web\Intranet.UI.Web.csproj", "{1C557C5B-4F5D-4B2A-BB54-A327117F328B}"
EndProject
Project("{2150E333-8FDC-42A3-9474-1A3956D46DE8}") = "Solution Items", "Solution Items", "{D4FD649F-F98E-45A3-B3B8-30ED055141FA}"
	ProjectSection(SolutionItems) = preProject
		tema.rar = tema.rar
	EndProjectSection
EndProject
Project("{FAE04EC0-301F-11D3-BF4B-00C04F79EFBC}") = "Intranet.Data", "Intranet.Data\Intranet.Data.csproj", "{CB75719B-24F8-47DD-8523-90E52D06FC73}"
EndProject
Project("{FAE04EC0-301F-11D3-BF4B-00C04F79EFBC}") = "Intranet.Application", "Intranet.Application\Intranet.Application.csproj", "{267B375D-936C-4703-BA75-F6DA34AA8D27}"
EndProject
Project("{2150E333-8FDC-42A3-9474-1A3956D46DE8}") = "Serviços Externos", "Serviços Externos", "{2BB734AA-B73F-4200-B405-DA2F9D235CC4}"
EndProject
Project("{2150E333-8FDC-42A3-9474-1A3956D46DE8}") = "Infra", "Infra", "{C33047C4-8F69-4489-8C47-804A8CAAAF1B}"
EndProject
Project("{FAE04EC0-301F-11D3-BF4B-00C04F79EFBC}") = "Intranet.Infra.Ioc", "Intranet.Infra.Ioc\Intranet.Infra.Ioc.csproj", "{F608B419-6E4F-4972-9952-A6B95A63170B}"
EndProject
Project("{FAE04EC0-301F-11D3-BF4B-00C04F79EFBC}") = "Intranet.Infra.Identity", "Intranet.Infra.Identity\Intranet.Infra.Identity.csproj", "{F4463CE9-3EE2-40EC-9C29-7CABF52C263E}"
EndProject
Project("{FAE04EC0-301F-11D3-BF4B-00C04F79EFBC}") = "Intranet.ServicosExternos.PaperCut", "Intranet.ServicosExternos.PaperCut\Intranet.ServicosExternos.PaperCut.csproj", "{6507F703-CCF3-40F7-B6B8-06862E80DA3A}"
EndProject
Project("{FAE04EC0-301F-11D3-BF4B-00C04F79EFBC}") = "Intranet.ServicosExternos.Unifi", "Intranet.ServicosExternos.Unifi\Intranet.ServicosExternos.Unifi.csproj", "{EAA0DBB7-B80A-4FB3-98F6-F2C6229A5166}"
EndProject
Global
	GlobalSection(SolutionConfigurationPlatforms) = preSolution
		Debug|Any CPU = Debug|Any CPU
		Release|Any CPU = Release|Any CPU
	EndGlobalSection
	GlobalSection(ProjectConfigurationPlatforms) = postSolution
		{001A89F7-A824-43D5-8025-F4F985151F3C}.Debug|Any CPU.ActiveCfg = Debug|Any CPU
		{001A89F7-A824-43D5-8025-F4F985151F3C}.Debug|Any CPU.Build.0 = Debug|Any CPU
		{001A89F7-A824-43D5-8025-F4F985151F3C}.Release|Any CPU.ActiveCfg = Release|Any CPU
		{001A89F7-A824-43D5-8025-F4F985151F3C}.Release|Any CPU.Build.0 = Release|Any CPU
		{1C557C5B-4F5D-4B2A-BB54-A327117F328B}.Debug|Any CPU.ActiveCfg = Debug|Any CPU
		{1C557C5B-4F5D-4B2A-BB54-A327117F328B}.Debug|Any CPU.Build.0 = Debug|Any CPU
		{1C557C5B-4F5D-4B2A-BB54-A327117F328B}.Release|Any CPU.ActiveCfg = Release|Any CPU
		{1C557C5B-4F5D-4B2A-BB54-A327117F328B}.Release|Any CPU.Build.0 = Release|Any CPU
		{CB75719B-24F8-47DD-8523-90E52D06FC73}.Debug|Any CPU.ActiveCfg = Debug|Any CPU
		{CB75719B-24F8-47DD-8523-90E52D06FC73}.Debug|Any CPU.Build.0 = Debug|Any CPU
		{CB75719B-24F8-47DD-8523-90E52D06FC73}.Release|Any CPU.ActiveCfg = Release|Any CPU
		{CB75719B-24F8-47DD-8523-90E52D06FC73}.Release|Any CPU.Build.0 = Release|Any CPU
		{267B375D-936C-4703-BA75-F6DA34AA8D27}.Debug|Any CPU.ActiveCfg = Debug|Any CPU
		{267B375D-936C-4703-BA75-F6DA34AA8D27}.Debug|Any CPU.Build.0 = Debug|Any CPU
		{267B375D-936C-4703-BA75-F6DA34AA8D27}.Release|Any CPU.ActiveCfg = Release|Any CPU
		{267B375D-936C-4703-BA75-F6DA34AA8D27}.Release|Any CPU.Build.0 = Release|Any CPU
		{F608B419-6E4F-4972-9952-A6B95A63170B}.Debug|Any CPU.ActiveCfg = Debug|Any CPU
		{F608B419-6E4F-4972-9952-A6B95A63170B}.Debug|Any CPU.Build.0 = Debug|Any CPU
		{F608B419-6E4F-4972-9952-A6B95A63170B}.Release|Any CPU.ActiveCfg = Release|Any CPU
		{F608B419-6E4F-4972-9952-A6B95A63170B}.Release|Any CPU.Build.0 = Release|Any CPU
		{F4463CE9-3EE2-40EC-9C29-7CABF52C263E}.Debug|Any CPU.ActiveCfg = Debug|Any CPU
		{F4463CE9-3EE2-40EC-9C29-7CABF52C263E}.Debug|Any CPU.Build.0 = Debug|Any CPU
		{F4463CE9-3EE2-40EC-9C29-7CABF52C263E}.Release|Any CPU.ActiveCfg = Release|Any CPU
		{F4463CE9-3EE2-40EC-9C29-7CABF52C263E}.Release|Any CPU.Build.0 = Release|Any CPU
		{6507F703-CCF3-40F7-B6B8-06862E80DA3A}.Debug|Any CPU.ActiveCfg = Debug|Any CPU
		{6507F703-CCF3-40F7-B6B8-06862E80DA3A}.Debug|Any CPU.Build.0 = Debug|Any CPU
		{6507F703-CCF3-40F7-B6B8-06862E80DA3A}.Release|Any CPU.ActiveCfg = Release|Any CPU
		{6507F703-CCF3-40F7-B6B8-06862E80DA3A}.Release|Any CPU.Build.0 = Release|Any CPU
		{EAA0DBB7-B80A-4FB3-98F6-F2C6229A5166}.Debug|Any CPU.ActiveCfg = Debug|Any CPU
		{EAA0DBB7-B80A-4FB3-98F6-F2C6229A5166}.Debug|Any CPU.Build.0 = Debug|Any CPU
		{EAA0DBB7-B80A-4FB3-98F6-F2C6229A5166}.Release|Any CPU.ActiveCfg = Release|Any CPU
		{EAA0DBB7-B80A-4FB3-98F6-F2C6229A5166}.Release|Any CPU.Build.0 = Release|Any CPU
	EndGlobalSection
	GlobalSection(SolutionProperties) = preSolution
		HideSolutionNode = FALSE
	EndGlobalSection
	GlobalSection(NestedProjects) = preSolution
		{F608B419-6E4F-4972-9952-A6B95A63170B} = {C33047C4-8F69-4489-8C47-804A8CAAAF1B}
		{F4463CE9-3EE2-40EC-9C29-7CABF52C263E} = {C33047C4-8F69-4489-8C47-804A8CAAAF1B}
		{6507F703-CCF3-40F7-B6B8-06862E80DA3A} = {2BB734AA-B73F-4200-B405-DA2F9D235CC4}
		{EAA0DBB7-B80A-4FB3-98F6-F2C6229A5166} = {2BB734AA-B73F-4200-B405-DA2F9D235CC4}
	EndGlobalSection
EndGlobal
